
Microsoft Visual Studio Solution File, Format Version 12.00
# Visual Studio Version 17
VisualStudioVersion = 17.8.34330.188
MinimumVisualStudioVersion = 10.0.40219.1
Project("{FAE04EC0-301F-11D3-BF4B-00C04F79EFBC}") = "01_MVC", "01_MVC\01_MVC.csproj", "{DFBEF1C9-FD2F-4E5F-8D89-B72506C5475E}"
EndProject
Project("{FAE04EC0-301F-11D3-BF4B-00C04F79EFBC}") = "02_Razor_Syntax", "02_Razor_Syntax\02_Razor_Syntax.csproj", "{2534F1EA-DC0D-486D-9A58-8B0C770F9A06}"
EndProject
Global
	GlobalSection(SolutionConfigurationPlatforms) = preSolution
		Debug|Any CPU = Debug|Any CPU
		Release|Any CPU = Release|Any CPU
	EndGlobalSection
	GlobalSection(ProjectConfigurationPlatforms) = postSolution
		{DFBEF1C9-FD2F-4E5F-8D89-B72506C5475E}.Debug|Any CPU.ActiveCfg = Debug|Any CPU
		{DFBEF1C9-FD2F-4E5F-8D89-B72506C5475E}.Debug|Any CPU.Build.0 = Debug|Any CPU
		{DFBEF1C9-FD2F-4E5F-8D89-B72506C5475E}.Release|Any CPU.ActiveCfg = Release|Any CPU
		{DFBEF1C9-FD2F-4E5F-8D89-B72506C5475E}.Release|Any CPU.Build.0 = Release|Any CPU
		{2534F1EA-DC0D-486D-9A58-8B0C770F9A06}.Debug|Any CPU.ActiveCfg = Debug|Any CPU
		{2534F1EA-DC0D-486D-9A58-8B0C770F9A06}.Debug|Any CPU.Build.0 = Debug|Any CPU
		{2534F1EA-DC0D-486D-9A58-8B0C770F9A06}.Release|Any CPU.ActiveCfg = Release|Any CPU
		{2534F1EA-DC0D-486D-9A58-8B0C770F9A06}.Release|Any CPU.Build.0 = Release|Any CPU
	EndGlobalSection
	GlobalSection(SolutionProperties) = preSolution
		HideSolutionNode = FALSE
	EndGlobalSection
	GlobalSection(ExtensibilityGlobals) = postSolution
		SolutionGuid = {4D2A9812-9201-4250-8E5C-8533C80DDC80}
	EndGlobalSection
EndGlobal
